
Microsoft Visual Studio Solution File, Format Version 12.00
# Visual Studio Version 17
VisualStudioVersion = 17.8.34408.163
MinimumVisualStudioVersion = 10.0.40219.1
Project("{FAE04EC0-301F-11D3-BF4B-00C04F79EFBC}") = "modul5_1302220121", "modul5_1302220121\modul5_1302220121.csproj", "{BD308251-0FC5-4FA2-BF05-F9578CCD9F4A}"
EndProject
Global
	GlobalSection(SolutionConfigurationPlatforms) = preSolution
		Debug|Any CPU = Debug|Any CPU
		Release|Any CPU = Release|Any CPU
	EndGlobalSection
	GlobalSection(ProjectConfigurationPlatforms) = postSolution
		{BD308251-0FC5-4FA2-BF05-F9578CCD9F4A}.Debug|Any CPU.ActiveCfg = Debug|Any CPU
		{BD308251-0FC5-4FA2-BF05-F9578CCD9F4A}.Debug|Any CPU.Build.0 = Debug|Any CPU
		{BD308251-0FC5-4FA2-BF05-F9578CCD9F4A}.Release|Any CPU.ActiveCfg = Release|Any CPU
		{BD308251-0FC5-4FA2-BF05-F9578CCD9F4A}.Release|Any CPU.Build.0 = Release|Any CPU
	EndGlobalSection
	GlobalSection(SolutionProperties) = preSolution
		HideSolutionNode = FALSE
	EndGlobalSection
	GlobalSection(ExtensibilityGlobals) = postSolution
		SolutionGuid = {C9D28D57-F559-4E38-82F6-BB44F123FD80}
	EndGlobalSection
EndGlobal
